{
  "requires": true,
  "lockfileVersion": 1,
  "dependencies": {
    "excalibur": {
      "version": "0.21.0",
      "resolved": "https://registry.npmjs.org/excalibur/-/excalibur-0.21.0.tgz",
      "integrity": "sha512-/+5jDqLbZG82eMV23c8j6UaNwSVJVb33GCUSGntZVlZ5XAQkfD/m3CRsS1BhCdVHm2KZV9MBFc0+ozaQQbAufA=="
    }
  }
}
